github.com/jzhang919/iconikclient2 v0.0.0-20260614204033-17a2372bb372 h1:vNB/CA1bslOI6HNijIJ55s2SuN+EPTutHLc9u/6Sfjo=
github.com/jzhang919/iconikclient2 v0.0.0-20260614204033-17a2372bb372/go.mod h1:dSFdnLLhYFkdJr0XwANxGBe+oltuDkZJNj3vGv2od+M=
github.com/silentsokolov/go-vimeo/v2 v2.2.4-0.20260615134137-9b0a2007f291 h1:v94NejebiSXzmLqyPYgEwjbEt4/Vv2fjMT3CiUPzw14=
github.com/silentsokolov/go-vimeo/v2 v2.2.4-0.20260615134137-9b0a2007f291/go.mod h1:tf9i434evbx4xA93U3J56FpmcWH3dlo1cjB77rTuBD4=
golang.org/x/oauth2 v0.30.0 h1:dnDm7JmhM45NNpd8FDDeLhK6FwqbOf4MLCM9zb1BOHI=
golang.org/x/oauth2 v0.30.0/go.mod h1:B++QgG3ZKulg6sRPGD/mqlHQs5rB3Ml9erfeDY7xKlU=
